
Microsoft Visual Studio Solution File, Format Version 12.00
# Visual Studio Version 17
VisualStudioVersion = 17.4.33213.308
MinimumVisualStudioVersion = 10.0.40219.1
Project("{9A19103F-16F7-4668-BE54-9A1E7A4F7556}") = "EidWebApp", "EidWebApp\EidWebApp.csproj", "{1AA7C46E-315E-4D16-82BA-F9938C295A5B}"
EndProject
Project("{FAE04EC0-301F-11D3-BF4B-00C04F79EFBC}") = "EidConsoleApp", "EidConsoleApp\EidConsoleApp.csproj", "{F70E3C70-3D68-441A-AD80-E8B225FCDE19}"
EndProject
Project("{FAE04EC0-301F-11D3-BF4B-00C04F79EFBC}") = "EidShared", "EidShared\EidShared.csproj", "{70122DEC-7997-4BA4-807C-628A4A2C08F1}"
EndProject
Global
	GlobalSection(SolutionConfigurationPlatforms) = preSolution
		Debug|Any CPU = Debug|Any CPU
		Release|Any CPU = Release|Any CPU
	EndGlobalSection
	GlobalSection(ProjectConfigurationPlatforms) = postSolution
		{1AA7C46E-315E-4D16-82BA-F9938C295A5B}.Debug|Any CPU.ActiveCfg = Debug|Any CPU
		{1AA7C46E-315E-4D16-82BA-F9938C295A5B}.Debug|Any CPU.Build.0 = Debug|Any CPU
		{1AA7C46E-315E-4D16-82BA-F9938C295A5B}.Release|Any CPU.ActiveCfg = Release|Any CPU
		{1AA7C46E-315E-4D16-82BA-F9938C295A5B}.Release|Any CPU.Build.0 = Release|Any CPU
		{F70E3C70-3D68-441A-AD80-E8B225FCDE19}.Debug|Any CPU.ActiveCfg = Debug|Any CPU
		{F70E3C70-3D68-441A-AD80-E8B225FCDE19}.Debug|Any CPU.Build.0 = Debug|Any CPU
		{F70E3C70-3D68-441A-AD80-E8B225FCDE19}.Release|Any CPU.ActiveCfg = Release|Any CPU
		{F70E3C70-3D68-441A-AD80-E8B225FCDE19}.Release|Any CPU.Build.0 = Release|Any CPU
		{70122DEC-7997-4BA4-807C-628A4A2C08F1}.Debug|Any CPU.ActiveCfg = Debug|Any CPU
		{70122DEC-7997-4BA4-807C-628A4A2C08F1}.Debug|Any CPU.Build.0 = Debug|Any CPU
		{70122DEC-7997-4BA4-807C-628A4A2C08F1}.Release|Any CPU.ActiveCfg = Release|Any CPU
		{70122DEC-7997-4BA4-807C-628A4A2C08F1}.Release|Any CPU.Build.0 = Release|Any CPU
	EndGlobalSection
	GlobalSection(SolutionProperties) = preSolution
		HideSolutionNode = FALSE
	EndGlobalSection
	GlobalSection(ExtensibilityGlobals) = postSolution
		SolutionGuid = {4556BC99-7950-493B-961C-8418E91AF293}
	EndGlobalSection
EndGlobal
